
Microsoft Visual Studio Solution File, Format Version 12.00
# Visual Studio Version 17
VisualStudioVersion = 17.6.33815.320
MinimumVisualStudioVersion = 10.0.40219.1
Project("{FAE04EC0-301F-11D3-BF4B-00C04F79EFBC}") = "Task_Management", "Task_Management\Task_Management.csproj", "{89351BD7-12AB-4C2F-8208-18CA0CF29923}"
EndProject
Global
	GlobalSection(SolutionConfigurationPlatforms) = preSolution
		Debug|Any CPU = Debug|Any CPU
		Release|Any CPU = Release|Any CPU
	EndGlobalSection
	GlobalSection(ProjectConfigurationPlatforms) = postSolution
		{89351BD7-12AB-4C2F-8208-18CA0CF29923}.Debug|Any CPU.ActiveCfg = Debug|Any CPU
		{89351BD7-12AB-4C2F-8208-18CA0CF29923}.Debug|Any CPU.Build.0 = Debug|Any CPU
		{89351BD7-12AB-4C2F-8208-18CA0CF29923}.Release|Any CPU.ActiveCfg = Release|Any CPU
		{89351BD7-12AB-4C2F-8208-18CA0CF29923}.Release|Any CPU.Build.0 = Release|Any CPU
	EndGlobalSection
	GlobalSection(SolutionProperties) = preSolution
		HideSolutionNode = FALSE
	EndGlobalSection
	GlobalSection(ExtensibilityGlobals) = postSolution
		SolutionGuid = {FFF9555F-4B68-4A86-9C64-C7A43808E952}
	EndGlobalSection
EndGlobal
